
Microsoft Visual Studio Solution File, Format Version 12.00
# Visual Studio Version 17
VisualStudioVersion = 17.5.33424.131
MinimumVisualStudioVersion = 10.0.40219.1
Project("{9A19103F-16F7-4668-BE54-9A1E7A4F7556}") = "LeaveManagement.web", "LeaveManagement.web\LeaveManagement.web.csproj", "{1860F89E-DAB4-4528-992E-7B534BCFA959}"
EndProject
Project("{2150E333-8FDC-42A3-9474-1A3956D46DE8}") = "Solution Items", "Solution Items", "{06C4F9C9-704B-4231-9FD0-B301BD25A411}"
	ProjectSection(SolutionItems) = preProject
		Dockerfile = Dockerfile
		Jenkinsfile = Jenkinsfile
	EndProjectSection
EndProject
Global
	GlobalSection(SolutionConfigurationPlatforms) = preSolution
		Debug|Any CPU = Debug|Any CPU
		Release|Any CPU = Release|Any CPU
	EndGlobalSection
	GlobalSection(ProjectConfigurationPlatforms) = postSolution
		{1860F89E-DAB4-4528-992E-7B534BCFA959}.Debug|Any CPU.ActiveCfg = Debug|Any CPU
		{1860F89E-DAB4-4528-992E-7B534BCFA959}.Debug|Any CPU.Build.0 = Debug|Any CPU
		{1860F89E-DAB4-4528-992E-7B534BCFA959}.Release|Any CPU.ActiveCfg = Release|Any CPU
		{1860F89E-DAB4-4528-992E-7B534BCFA959}.Release|Any CPU.Build.0 = Release|Any CPU
	EndGlobalSection
	GlobalSection(SolutionProperties) = preSolution
		HideSolutionNode = FALSE
	EndGlobalSection
	GlobalSection(ExtensibilityGlobals) = postSolution
		SolutionGuid = {FF8FE6F1-6430-4EC0-BFD1-02959859FAB0}
	EndGlobalSection
EndGlobal
