
Microsoft Visual Studio Solution File, Format Version 12.00
# Visual Studio Version 17
VisualStudioVersion = 17.5.33424.131
MinimumVisualStudioVersion = 10.0.40219.1
Project("{FAE04EC0-301F-11D3-BF4B-00C04F79EFBC}") = "LeaveManagement.web", "LeaveManagement.web\LeaveManagement.web.csproj", "{1860F89E-DAB4-4528-992E-7B534BCFA959}"
EndProject
Global
	GlobalSection(SolutionConfigurationPlatforms) = preSolution
		Debug|Any CPU = Debug|Any CPU
		Release|Any CPU = Release|Any CPU
	EndGlobalSection
	GlobalSection(ProjectConfigurationPlatforms) = postSolution
		{1860F89E-DAB4-4528-992E-7B534BCFA959}.Debug|Any CPU.ActiveCfg = Debug|Any CPU
		{1860F89E-DAB4-4528-992E-7B534BCFA959}.Debug|Any CPU.Build.0 = Debug|Any CPU
		{1860F89E-DAB4-4528-992E-7B534BCFA959}.Release|Any CPU.ActiveCfg = Release|Any CPU
		{1860F89E-DAB4-4528-992E-7B534BCFA959}.Release|Any CPU.Build.0 = Release|Any CPU
	EndGlobalSection
	GlobalSection(SolutionProperties) = preSolution
		HideSolutionNode = FALSE
	EndGlobalSection
	GlobalSection(ExtensibilityGlobals) = postSolution
		SolutionGuid = {FF8FE6F1-6430-4EC0-BFD1-02959859FAB0}
	EndGlobalSection
EndGlobal
